
Microsoft Visual Studio Solution File, Format Version 12.00
# Visual Studio Version 17
VisualStudioVersion = 17.0.31903.59
MinimumVisualStudioVersion = 10.0.40219.1
Project("{2150E333-8FDC-42A3-9474-1A3956D46DE8}") = "src", "src", "{827E0CD3-B72D-47B6-A68D-7590B98EB39B}"
EndProject
Project("{FAE04EC0-301F-11D3-BF4B-00C04F79EFBC}") = "FinTrack.Host", "src\FinTrack.Host\FinTrack.Host.csproj", "{8F0CA7DD-D0A0-427E-A083-9AEA5FAEB99D}"
EndProject
Project("{FAE04EC0-301F-11D3-BF4B-00C04F79EFBC}") = "FinTrack.Core", "src\FinTrack.Core\FinTrack.Core.csproj", "{8F36F9EF-F363-4358-BD64-829760689EC5}"
EndProject
Project("{FAE04EC0-301F-11D3-BF4B-00C04F79EFBC}") = "FinTrack.Infrastructure", "src\FinTrack.Infrastructure\FinTrack.Infrastructure.csproj", "{4B46DD17-145B-460D-92C3-66807EB4FAAF}"
EndProject
Project("{FAE04EC0-301F-11D3-BF4B-00C04F79EFBC}") = "FinTrack.AuthServer", "src\FinTrack.AuthServer\FinTrack.AuthServer.csproj", "{2062B761-4525-4F97-9571-7C1FFAD81BBD}"
EndProject
Project("{2150E333-8FDC-42A3-9474-1A3956D46DE8}") = "tests", "tests", "{0AB3BF05-4346-4AA6-1389-037BE0695223}"
EndProject
Project("{FAE04EC0-301F-11D3-BF4B-00C04F79EFBC}") = "FinTrack.Tests.Unit", "tests\FinTrack.Tests.Unit\FinTrack.Tests.Unit.csproj", "{6C581C9D-030F-4E84-A80A-C71D15D945C4}"
EndProject
Project("{FAE04EC0-301F-11D3-BF4B-00C04F79EFBC}") = "FinTrack.Tests.Integration", "tests\FinTrack.Tests.Integration\FinTrack.Tests.Integration.csproj", "{E4A63C8E-6088-40B4-89B9-42DD9A52B7F2}"
EndProject
Project("{FAE04EC0-301F-11D3-BF4B-00C04F79EFBC}") = "FinTrack.ServiceDefaults", "src\FinTrack.ServiceDefaults\FinTrack.ServiceDefaults.csproj", "{13FA32D9-709B-41F7-BBE0-D98E9F1BACE7}"
EndProject
Project("{FAE04EC0-301F-11D3-BF4B-00C04F79EFBC}") = "FinTrack.AppHost", "src\FinTrack.AppHost\FinTrack.AppHost.csproj", "{EAF70D96-527A-4FD5-A900-725DEA190463}"
EndProject
Global
	GlobalSection(SolutionConfigurationPlatforms) = preSolution
		Debug|Any CPU = Debug|Any CPU
		Debug|x64 = Debug|x64
		Debug|x86 = Debug|x86
		Release|Any CPU = Release|Any CPU
		Release|x64 = Release|x64
		Release|x86 = Release|x86
	EndGlobalSection
	GlobalSection(ProjectConfigurationPlatforms) = postSolution
		{8F0CA7DD-D0A0-427E-A083-9AEA5FAEB99D}.Debug|Any CPU.ActiveCfg = Debug|Any CPU
		{8F0CA7DD-D0A0-427E-A083-9AEA5FAEB99D}.Debug|Any CPU.Build.0 = Debug|Any CPU
		{8F0CA7DD-D0A0-427E-A083-9AEA5FAEB99D}.Debug|x64.ActiveCfg = Debug|Any CPU
		{8F0CA7DD-D0A0-427E-A083-9AEA5FAEB99D}.Debug|x64.Build.0 = Debug|Any CPU
		{8F0CA7DD-D0A0-427E-A083-9AEA5FAEB99D}.Debug|x86.ActiveCfg = Debug|Any CPU
		{8F0CA7DD-D0A0-427E-A083-9AEA5FAEB99D}.Debug|x86.Build.0 = Debug|Any CPU
		{8F0CA7DD-D0A0-427E-A083-9AEA5FAEB99D}.Release|Any CPU.ActiveCfg = Release|Any CPU
		{8F0CA7DD-D0A0-427E-A083-9AEA5FAEB99D}.Release|Any CPU.Build.0 = Release|Any CPU
		{8F0CA7DD-D0A0-427E-A083-9AEA5FAEB99D}.Release|x64.ActiveCfg = Release|Any CPU
		{8F0CA7DD-D0A0-427E-A083-9AEA5FAEB99D}.Release|x64.Build.0 = Release|Any CPU
		{8F0CA7DD-D0A0-427E-A083-9AEA5FAEB99D}.Release|x86.ActiveCfg = Release|Any CPU
		{8F0CA7DD-D0A0-427E-A083-9AEA5FAEB99D}.Release|x86.Build.0 = Release|Any CPU
		{8F36F9EF-F363-4358-BD64-829760689EC5}.Debug|Any CPU.ActiveCfg = Debug|Any CPU
		{8F36F9EF-F363-4358-BD64-829760689EC5}.Debug|Any CPU.Build.0 = Debug|Any CPU
		{8F36F9EF-F363-4358-BD64-829760689EC5}.Debug|x64.ActiveCfg = Debug|Any CPU
		{8F36F9EF-F363-4358-BD64-829760689EC5}.Debug|x64.Build.0 = Debug|Any CPU
		{8F36F9EF-F363-4358-BD64-829760689EC5}.Debug|x86.ActiveCfg = Debug|Any CPU
		{8F36F9EF-F363-4358-BD64-829760689EC5}.Debug|x86.Build.0 = Debug|Any CPU
		{8F36F9EF-F363-4358-BD64-829760689EC5}.Release|Any CPU.ActiveCfg = Release|Any CPU
		{8F36F9EF-F363-4358-BD64-829760689EC5}.Release|Any CPU.Build.0 = Release|Any CPU
		{8F36F9EF-F363-4358-BD64-829760689EC5}.Release|x64.ActiveCfg = Release|Any CPU
		{8F36F9EF-F363-4358-BD64-829760689EC5}.Release|x64.Build.0 = Release|Any CPU
		{8F36F9EF-F363-4358-BD64-829760689EC5}.Release|x86.ActiveCfg = Release|Any CPU
		{8F36F9EF-F363-4358-BD64-829760689EC5}.Release|x86.Build.0 = Release|Any CPU
		{4B46DD17-145B-460D-92C3-66807EB4FAAF}.Debug|Any CPU.ActiveCfg = Debug|Any CPU
		{4B46DD17-145B-460D-92C3-66807EB4FAAF}.Debug|Any CPU.Build.0 = Debug|Any CPU
		{4B46DD17-145B-460D-92C3-66807EB4FAAF}.Debug|x64.ActiveCfg = Debug|Any CPU
		{4B46DD17-145B-460D-92C3-66807EB4FAAF}.Debug|x64.Build.0 = Debug|Any CPU
		{4B46DD17-145B-460D-92C3-66807EB4FAAF}.Debug|x86.ActiveCfg = Debug|Any CPU
		{4B46DD17-145B-460D-92C3-66807EB4FAAF}.Debug|x86.Build.0 = Debug|Any CPU
		{4B46DD17-145B-460D-92C3-66807EB4FAAF}.Release|Any CPU.ActiveCfg = Release|Any CPU
		{4B46DD17-145B-460D-92C3-66807EB4FAAF}.Release|Any CPU.Build.0 = Release|Any CPU
		{4B46DD17-145B-460D-92C3-66807EB4FAAF}.Release|x64.ActiveCfg = Release|Any CPU
		{4B46DD17-145B-460D-92C3-66807EB4FAAF}.Release|x64.Build.0 = Release|Any CPU
		{4B46DD17-145B-460D-92C3-66807EB4FAAF}.Release|x86.ActiveCfg = Release|Any CPU
		{4B46DD17-145B-460D-92C3-66807EB4FAAF}.Release|x86.Build.0 = Release|Any CPU
		{2062B761-4525-4F97-9571-7C1FFAD81BBD}.Debug|Any CPU.ActiveCfg = Debug|Any CPU
		{2062B761-4525-4F97-9571-7C1FFAD81BBD}.Debug|Any CPU.Build.0 = Debug|Any CPU
		{2062B761-4525-4F97-9571-7C1FFAD81BBD}.Debug|x64.ActiveCfg = Debug|Any CPU
		{2062B761-4525-4F97-9571-7C1FFAD81BBD}.Debug|x64.Build.0 = Debug|Any CPU
		{2062B761-4525-4F97-9571-7C1FFAD81BBD}.Debug|x86.ActiveCfg = Debug|Any CPU
		{2062B761-4525-4F97-9571-7C1FFAD81BBD}.Debug|x86.Build.0 = Debug|Any CPU
		{2062B761-4525-4F97-9571-7C1FFAD81BBD}.Release|Any CPU.ActiveCfg = Release|Any CPU
		{2062B761-4525-4F97-9571-7C1FFAD81BBD}.Release|Any CPU.Build.0 = Release|Any CPU
		{2062B761-4525-4F97-9571-7C1FFAD81BBD}.Release|x64.ActiveCfg = Release|Any CPU
		{2062B761-4525-4F97-9571-7C1FFAD81BBD}.Release|x64.Build.0 = Release|Any CPU
		{2062B761-4525-4F97-9571-7C1FFAD81BBD}.Release|x86.ActiveCfg = Release|Any CPU
		{2062B761-4525-4F97-9571-7C1FFAD81BBD}.Release|x86.Build.0 = Release|Any CPU
		{6C581C9D-030F-4E84-A80A-C71D15D945C4}.Debug|Any CPU.ActiveCfg = Debug|Any CPU
		{6C581C9D-030F-4E84-A80A-C71D15D945C4}.Debug|Any CPU.Build.0 = Debug|Any CPU
		{6C581C9D-030F-4E84-A80A-C71D15D945C4}.Debug|x64.ActiveCfg = Debug|Any CPU
		{6C581C9D-030F-4E84-A80A-C71D15D945C4}.Debug|x64.Build.0 = Debug|Any CPU
		{6C581C9D-030F-4E84-A80A-C71D15D945C4}.Debug|x86.ActiveCfg = Debug|Any CPU
		{6C581C9D-030F-4E84-A80A-C71D15D945C4}.Debug|x86.Build.0 = Debug|Any CPU
		{6C581C9D-030F-4E84-A80A-C71D15D945C4}.Release|Any CPU.ActiveCfg = Release|Any CPU
		{6C581C9D-030F-4E84-A80A-C71D15D945C4}.Release|Any CPU.Build.0 = Release|Any CPU
		{6C581C9D-030F-4E84-A80A-C71D15D945C4}.Release|x64.ActiveCfg = Release|Any CPU
		{6C581C9D-030F-4E84-A80A-C71D15D945C4}.Release|x64.Build.0 = Release|Any CPU
		{6C581C9D-030F-4E84-A80A-C71D15D945C4}.Release|x86.ActiveCfg = Release|Any CPU
		{6C581C9D-030F-4E84-A80A-C71D15D945C4}.Release|x86.Build.0 = Release|Any CPU
		{E4A63C8E-6088-40B4-89B9-42DD9A52B7F2}.Debug|Any CPU.ActiveCfg = Debug|Any CPU
		{E4A63C8E-6088-40B4-89B9-42DD9A52B7F2}.Debug|Any CPU.Build.0 = Debug|Any CPU
		{E4A63C8E-6088-40B4-89B9-42DD9A52B7F2}.Debug|x64.ActiveCfg = Debug|Any CPU
		{E4A63C8E-6088-40B4-89B9-42DD9A52B7F2}.Debug|x64.Build.0 = Debug|Any CPU
		{E4A63C8E-6088-40B4-89B9-42DD9A52B7F2}.Debug|x86.ActiveCfg = Debug|Any CPU
		{E4A63C8E-6088-40B4-89B9-42DD9A52B7F2}.Debug|x86.Build.0 = Debug|Any CPU
		{E4A63C8E-6088-40B4-89B9-42DD9A52B7F2}.Release|Any CPU.ActiveCfg = Release|Any CPU
		{E4A63C8E-6088-40B4-89B9-42DD9A52B7F2}.Release|Any CPU.Build.0 = Release|Any CPU
		{E4A63C8E-6088-40B4-89B9-42DD9A52B7F2}.Release|x64.ActiveCfg = Release|Any CPU
		{E4A63C8E-6088-40B4-89B9-42DD9A52B7F2}.Release|x64.Build.0 = Release|Any CPU
		{E4A63C8E-6088-40B4-89B9-42DD9A52B7F2}.Release|x86.ActiveCfg = Release|Any CPU
		{E4A63C8E-6088-40B4-89B9-42DD9A52B7F2}.Release|x86.Build.0 = Release|Any CPU
		{13FA32D9-709B-41F7-BBE0-D98E9F1BACE7}.Debug|Any CPU.ActiveCfg = Debug|Any CPU
		{13FA32D9-709B-41F7-BBE0-D98E9F1BACE7}.Debug|Any CPU.Build.0 = Debug|Any CPU
		{13FA32D9-709B-41F7-BBE0-D98E9F1BACE7}.Debug|x64.ActiveCfg = Debug|Any CPU
		{13FA32D9-709B-41F7-BBE0-D98E9F1BACE7}.Debug|x64.Build.0 = Debug|Any CPU
		{13FA32D9-709B-41F7-BBE0-D98E9F1BACE7}.Debug|x86.ActiveCfg = Debug|Any CPU
		{13FA32D9-709B-41F7-BBE0-D98E9F1BACE7}.Debug|x86.Build.0 = Debug|Any CPU
		{13FA32D9-709B-41F7-BBE0-D98E9F1BACE7}.Release|Any CPU.ActiveCfg = Release|Any CPU
		{13FA32D9-709B-41F7-BBE0-D98E9F1BACE7}.Release|Any CPU.Build.0 = Release|Any CPU
		{13FA32D9-709B-41F7-BBE0-D98E9F1BACE7}.Release|x64.ActiveCfg = Release|Any CPU
		{13FA32D9-709B-41F7-BBE0-D98E9F1BACE7}.Release|x64.Build.0 = Release|Any CPU
		{13FA32D9-709B-41F7-BBE0-D98E9F1BACE7}.Release|x86.ActiveCfg = Release|Any CPU
		{13FA32D9-709B-41F7-BBE0-D98E9F1BACE7}.Release|x86.Build.0 = Release|Any CPU
		{EAF70D96-527A-4FD5-A900-725DEA190463}.Debug|Any CPU.ActiveCfg = Debug|Any CPU
		{EAF70D96-527A-4FD5-A900-725DEA190463}.Debug|Any CPU.Build.0 = Debug|Any CPU
		{EAF70D96-527A-4FD5-A900-725DEA190463}.Debug|x64.ActiveCfg = Debug|Any CPU
		{EAF70D96-527A-4FD5-A900-725DEA190463}.Debug|x64.Build.0 = Debug|Any CPU
		{EAF70D96-527A-4FD5-A900-725DEA190463}.Debug|x86.ActiveCfg = Debug|Any CPU
		{EAF70D96-527A-4FD5-A900-725DEA190463}.Debug|x86.Build.0 = Debug|Any CPU
		{EAF70D96-527A-4FD5-A900-725DEA190463}.Release|Any CPU.ActiveCfg = Release|Any CPU
		{EAF70D96-527A-4FD5-A900-725DEA190463}.Release|Any CPU.Build.0 = Release|Any CPU
		{EAF70D96-527A-4FD5-A900-725DEA190463}.Release|x64.ActiveCfg = Release|Any CPU
		{EAF70D96-527A-4FD5-A900-725DEA190463}.Release|x64.Build.0 = Release|Any CPU
		{EAF70D96-527A-4FD5-A900-725DEA190463}.Release|x86.ActiveCfg = Release|Any CPU
		{EAF70D96-527A-4FD5-A900-725DEA190463}.Release|x86.Build.0 = Release|Any CPU
	EndGlobalSection
	GlobalSection(SolutionProperties) = preSolution
		HideSolutionNode = FALSE
	EndGlobalSection
	GlobalSection(NestedProjects) = preSolution
		{8F0CA7DD-D0A0-427E-A083-9AEA5FAEB99D} = {827E0CD3-B72D-47B6-A68D-7590B98EB39B}
		{8F36F9EF-F363-4358-BD64-829760689EC5} = {827E0CD3-B72D-47B6-A68D-7590B98EB39B}
		{4B46DD17-145B-460D-92C3-66807EB4FAAF} = {827E0CD3-B72D-47B6-A68D-7590B98EB39B}
		{2062B761-4525-4F97-9571-7C1FFAD81BBD} = {827E0CD3-B72D-47B6-A68D-7590B98EB39B}
		{6C581C9D-030F-4E84-A80A-C71D15D945C4} = {0AB3BF05-4346-4AA6-1389-037BE0695223}
		{E4A63C8E-6088-40B4-89B9-42DD9A52B7F2} = {0AB3BF05-4346-4AA6-1389-037BE0695223}
		{13FA32D9-709B-41F7-BBE0-D98E9F1BACE7} = {827E0CD3-B72D-47B6-A68D-7590B98EB39B}
		{EAF70D96-527A-4FD5-A900-725DEA190463} = {827E0CD3-B72D-47B6-A68D-7590B98EB39B}
	EndGlobalSection
EndGlobal
